
Microsoft Visual Studio Solution File, Format Version 12.00
# Visual Studio Version 16
VisualStudioVersion = 16.0.30330.147
MinimumVisualStudioVersion = 10.0.40219.1
Project("{FAE04EC0-301F-11D3-BF4B-00C04F79EFBC}") = "DeckOfCards", "DeckOfCards.csproj", "{BEE7E6CB-3237-4106-85FF-BFF3FA428824}"
EndProject
Global
	GlobalSection(SolutionConfigurationPlatforms) = preSolution
		Debug|Any CPU = Debug|Any CPU
		Release|Any CPU = Release|Any CPU
	EndGlobalSection
	GlobalSection(ProjectConfigurationPlatforms) = postSolution
		{BEE7E6CB-3237-4106-85FF-BFF3FA428824}.Debug|Any CPU.ActiveCfg = Debug|Any CPU
		{BEE7E6CB-3237-4106-85FF-BFF3FA428824}.Debug|Any CPU.Build.0 = Debug|Any CPU
		{BEE7E6CB-3237-4106-85FF-BFF3FA428824}.Release|Any CPU.ActiveCfg = Release|Any CPU
		{BEE7E6CB-3237-4106-85FF-BFF3FA428824}.Release|Any CPU.Build.0 = Release|Any CPU
	EndGlobalSection
	GlobalSection(SolutionProperties) = preSolution
		HideSolutionNode = FALSE
	EndGlobalSection
	GlobalSection(ExtensibilityGlobals) = postSolution
		SolutionGuid = {8CC34135-4EB6-40A4-BF4E-2BF5F49C6C2B}
	EndGlobalSection
EndGlobal
